
Microsoft Visual Studio Solution File, Format Version 11.00
# Visual Studio 2010
Project("{FAE04EC0-301F-11D3-BF4B-00C04F79EFBC}") = "F.U.E.L", "F.U.E.L\F.U.E.L\F.U.E.L.csproj", "{47F84CF0-7EB0-4078-B66F-E9686D03AB6A}"
EndProject
Project("{FAE04EC0-301F-11D3-BF4B-00C04F79EFBC}") = "F.U.E.LContent", "F.U.E.L\F.U.E.LContent\F.U.E.LContent.contentproj", "{ED508A72-E7BC-401E-97DC-899C29BBE7A4}"
EndProject
Project("{2150E333-8FDC-42A3-9474-1A3956D46DE8}") = "Solution Items", "Solution Items", "{718FBC4A-8310-4578-A2DC-EBE82D92A8F4}"
EndProject
Global
	GlobalSection(SolutionConfigurationPlatforms) = preSolution
		Debug|Mixed Platforms = Debug|Mixed Platforms
		Debug|Windows Phone = Debug|Windows Phone
		Debug|x86 = Debug|x86
		Release|Mixed Platforms = Release|Mixed Platforms
		Release|Windows Phone = Release|Windows Phone
		Release|x86 = Release|x86
	EndGlobalSection
	GlobalSection(ProjectConfigurationPlatforms) = postSolution
		{47F84CF0-7EB0-4078-B66F-E9686D03AB6A}.Debug|Mixed Platforms.ActiveCfg = Debug|x86
		{47F84CF0-7EB0-4078-B66F-E9686D03AB6A}.Debug|Mixed Platforms.Build.0 = Debug|x86
		{47F84CF0-7EB0-4078-B66F-E9686D03AB6A}.Debug|Windows Phone.ActiveCfg = Debug|x86
		{47F84CF0-7EB0-4078-B66F-E9686D03AB6A}.Debug|Windows Phone.Build.0 = Debug|x86
		{47F84CF0-7EB0-4078-B66F-E9686D03AB6A}.Debug|x86.ActiveCfg = Debug|x86
		{47F84CF0-7EB0-4078-B66F-E9686D03AB6A}.Debug|x86.Build.0 = Debug|x86
		{47F84CF0-7EB0-4078-B66F-E9686D03AB6A}.Release|Mixed Platforms.ActiveCfg = Release|x86
		{47F84CF0-7EB0-4078-B66F-E9686D03AB6A}.Release|Mixed Platforms.Build.0 = Release|x86
		{47F84CF0-7EB0-4078-B66F-E9686D03AB6A}.Release|Windows Phone.ActiveCfg = Release|x86
		{47F84CF0-7EB0-4078-B66F-E9686D03AB6A}.Release|Windows Phone.Build.0 = Release|x86
		{47F84CF0-7EB0-4078-B66F-E9686D03AB6A}.Release|x86.ActiveCfg = Release|x86
		{47F84CF0-7EB0-4078-B66F-E9686D03AB6A}.Release|x86.Build.0 = Release|x86
		{ED508A72-E7BC-401E-97DC-899C29BBE7A4}.Debug|Mixed Platforms.ActiveCfg = Debug|x86
		{ED508A72-E7BC-401E-97DC-899C29BBE7A4}.Debug|Windows Phone.ActiveCfg = Debug|x86
		{ED508A72-E7BC-401E-97DC-899C29BBE7A4}.Debug|x86.ActiveCfg = Debug|x86
		{ED508A72-E7BC-401E-97DC-899C29BBE7A4}.Release|Mixed Platforms.ActiveCfg = Release|x86
		{ED508A72-E7BC-401E-97DC-899C29BBE7A4}.Release|Windows Phone.ActiveCfg = Release|x86
		{ED508A72-E7BC-401E-97DC-899C29BBE7A4}.Release|x86.ActiveCfg = Release|x86
	EndGlobalSection
	GlobalSection(SolutionProperties) = preSolution
		HideSolutionNode = FALSE
	EndGlobalSection
EndGlobal
